// !$*UTF8*$!
{
	archiveVersion = 1;
	classes = {
	};
	objectVersion = 56;
	objects = {

/* Begin PBXBuildFile section */
		0F14CA5B2CA4380500DA75A1 /* SwiftNavigation in Frameworks */ = {isa = PBXBuildFile; productRef = 0F14CA5A2CA4380500DA75A1 /* SwiftNavigation */; };
		0F14CA602CA4722700DA75A1 /* String+Copies.swift in Sources */ = {isa = PBXBuildFile; fileRef = 0F14CA5F2CA4722700DA75A1 /* String+Copies.swift */; };
		0F14CA632CA5C49300DA75A1 /* IdentifiedCollections in Frameworks */ = {isa = PBXBuildFile; productRef = 0F14CA622CA5C49300DA75A1 /* IdentifiedCollections */; };
		0F3E01092C9062FB0009804F /* NetworkService.swift in Sources */ = {isa = PBXBuildFile; fileRef = 0F3E01082C9062FB0009804F /* NetworkService.swift */; };
		0F3E010B2C9063780009804F /* Endpoint.swift in Sources */ = {isa = PBXBuildFile; fileRef = 0F3E010A2C9063780009804F /* Endpoint.swift */; };
		0F57A9032C65327500471F56 /* BreedsListView.swift in Sources */ = {isa = PBXBuildFile; fileRef = 0F57A9022C65327500471F56 /* BreedsListView.swift */; };
		0F57A9052C6532CB00471F56 /* BreedsFavoritesView.swift in Sources */ = {isa = PBXBuildFile; fileRef = 0F57A9042C6532CB00471F56 /* BreedsFavoritesView.swift */; };
		0F57A9072C6532DD00471F56 /* AboutView.swift in Sources */ = {isa = PBXBuildFile; fileRef = 0F57A9062C6532DD00471F56 /* AboutView.swift */; };
		0F86A0602C9B213900F3D14D /* BreedModel.swift in Sources */ = {isa = PBXBuildFile; fileRef = 0F86A05F2C9B213900F3D14D /* BreedModel.swift */; };
		0F86A0622C9B21BE00F3D14D /* BreedsListViewModel.swift in Sources */ = {isa = PBXBuildFile; fileRef = 0F86A0612C9B21BE00F3D14D /* BreedsListViewModel.swift */; };
		0F86A06D2C9C5B3F00F3D14D /* CatImage.swift in Sources */ = {isa = PBXBuildFile; fileRef = 0F86A06C2C9C5B3F00F3D14D /* CatImage.swift */; };
		0F86A06F2C9C5B9300F3D14D /* CatImageModel.swift in Sources */ = {isa = PBXBuildFile; fileRef = 0F86A06E2C9C5B9300F3D14D /* CatImageModel.swift */; };
		0F86A0712C9C5BA800F3D14D /* LifespanModel.swift in Sources */ = {isa = PBXBuildFile; fileRef = 0F86A0702C9C5BA800F3D14D /* LifespanModel.swift */; };
		0F86A07A2C9D79BE00F3D14D /* SwiftUINavigation in Frameworks */ = {isa = PBXBuildFile; productRef = 0F86A0792C9D79BE00F3D14D /* SwiftUINavigation */; };
		0F86A07F2C9DB0E200F3D14D /* BreedDetailViewModel.swift in Sources */ = {isa = PBXBuildFile; fileRef = 0F86A07E2C9DB0E200F3D14D /* BreedDetailViewModel.swift */; };
		0F94FA5D2C613680009C8E27 /* ContentView.swift in Sources */ = {isa = PBXBuildFile; fileRef = 0F94FA5C2C613680009C8E27 /* ContentView.swift */; };
		0F94FA612C613683009C8E27 /* Assets.xcassets in Resources */ = {isa = PBXBuildFile; fileRef = 0F94FA602C613683009C8E27 /* Assets.xcassets */; };
		0F94FA642C613683009C8E27 /* Preview Assets.xcassets in Resources */ = {isa = PBXBuildFile; fileRef = 0F94FA632C613683009C8E27 /* Preview Assets.xcassets */; };
		0F94FA872C61831F009C8E27 /* iCatsApp.swift in Sources */ = {isa = PBXBuildFile; fileRef = 0F94FA862C61831F009C8E27 /* iCatsApp.swift */; };
		0F94FA8A2C61838D009C8E27 /* CatCard.swift in Sources */ = {isa = PBXBuildFile; fileRef = 0F94FA892C61838D009C8E27 /* CatCard.swift */; };
		0F9D69752C6A3C4200849F38 /* SDWebImageSwiftUI in Frameworks */ = {isa = PBXBuildFile; productRef = 0F9D69742C6A3C4200849F38 /* SDWebImageSwiftUI */; };
		0FA48EFE2C932A350078CB0D /* BreedsListNetworkService.swift in Sources */ = {isa = PBXBuildFile; fileRef = 0FA48EFD2C932A350078CB0D /* BreedsListNetworkService.swift */; };
		0FA48F012C932C650078CB0D /* Breed.swift in Sources */ = {isa = PBXBuildFile; fileRef = 0FA48F002C932C650078CB0D /* Breed.swift */; };
		0FA48F0B2C94933E0078CB0D /* BreedsNetworkServiceTests.swift in Sources */ = {isa = PBXBuildFile; fileRef = 0FA48F0A2C94933E0078CB0D /* BreedsNetworkServiceTests.swift */; };
		0FAA43BC2C91EC670051E904 /* JSONDecoder+Shared.swift in Sources */ = {isa = PBXBuildFile; fileRef = 0FAA43BB2C91EC670051E904 /* JSONDecoder+Shared.swift */; };
		0FB7CBD62C63C61700798B53 /* SwiftyJSON in Frameworks */ = {isa = PBXBuildFile; productRef = 0FB7CBD52C63C61700798B53 /* SwiftyJSON */; };
		0FEAB70D2C98382600F694F7 /* BreedsNetworkServiceRequestMock.swift in Sources */ = {isa = PBXBuildFile; fileRef = 0FA48F042C9453380078CB0D /* BreedsNetworkServiceRequestMock.swift */; };
		0FEAB70F2C983B5100F694F7 /* NetworkServiceResponse.swift in Sources */ = {isa = PBXBuildFile; fileRef = 0FA48F062C9467B20078CB0D /* NetworkServiceResponse.swift */; };
		0FEAB7122C98610400F694F7 /* TextButton.swift in Sources */ = {isa = PBXBuildFile; fileRef = 0FEAB7112C98610400F694F7 /* TextButton.swift */; };
		0FEAB7142C98659700F694F7 /* StarButton.swift in Sources */ = {isa = PBXBuildFile; fileRef = 0FEAB7132C98659700F694F7 /* StarButton.swift */; };
		0FF0C8242C653E64006DE8DF /* BreedDetailView.swift in Sources */ = {isa = PBXBuildFile; fileRef = 0FF0C8232C653E64006DE8DF /* BreedDetailView.swift */; };
		0FF1185C2CBC02F700BFAB5C /* BreedsList+CoreData.swift in Sources */ = {isa = PBXBuildFile; fileRef = 0FF1185B2CBC02F700BFAB5C /* BreedsList+CoreData.swift */; };
		0FF1185F2CBC183900BFAB5C /* DatabaseEntity.swift in Sources */ = {isa = PBXBuildFile; fileRef = 0FF1185E2CBC183900BFAB5C /* DatabaseEntity.swift */; };
		0FF118622CBC26E600BFAB5C /* AboutViewModel.swift in Sources */ = {isa = PBXBuildFile; fileRef = 0FF118612CBC26E600BFAB5C /* AboutViewModel.swift */; };
		0FF4B9062CAD442D00B7B7F1 /* ViewState.swift in Sources */ = {isa = PBXBuildFile; fileRef = 0FF4B9052CAD442D00B7B7F1 /* ViewState.swift */; };
		0FF4B9092CB047A200B7B7F1 /* DatabaseService.swift in Sources */ = {isa = PBXBuildFile; fileRef = 0FF4B9082CB047A200B7B7F1 /* DatabaseService.swift */; };
		0FFC4D5E2CA1D33800309B9A /* BreedsListViewModelTests.swift in Sources */ = {isa = PBXBuildFile; fileRef = 0FFC4D5D2CA1D33800309B9A /* BreedsListViewModelTests.swift */; };
		D65AE1682CB41EEA00823D51 /* iCats.xcdatamodeld in Sources */ = {isa = PBXBuildFile; fileRef = D65AE1662CB41EEA00823D51 /* iCats.xcdatamodeld */; };
/* End PBXBuildFile section */

/* Begin PBXContainerItemProxy section */
		0F94FA6A2C613683009C8E27 /* PBXContainerItemProxy */ = {
			isa = PBXContainerItemProxy;
			containerPortal = 0F94FA4F2C613680009C8E27 /* Project object */;
			proxyType = 1;
			remoteGlobalIDString = 0F94FA562C613680009C8E27;
			remoteInfo = iCats;
		};
/* End PBXContainerItemProxy section */

/* Begin PBXFileReference section */
		0F14CA5F2CA4722700DA75A1 /* String+Copies.swift */ = {isa = PBXFileReference; lastKnownFileType = sourcecode.swift; path = "String+Copies.swift"; sourceTree = "<group>"; };
		0F3E01082C9062FB0009804F /* NetworkService.swift */ = {isa = PBXFileReference; lastKnownFileType = sourcecode.swift; path = NetworkService.swift; sourceTree = "<group>"; };
		0F3E010A2C9063780009804F /* Endpoint.swift */ = {isa = PBXFileReference; lastKnownFileType = sourcecode.swift; path = Endpoint.swift; sourceTree = "<group>"; };
		0F57A9022C65327500471F56 /* BreedsListView.swift */ = {isa = PBXFileReference; lastKnownFileType = sourcecode.swift; path = BreedsListView.swift; sourceTree = "<group>"; };
		0F57A9042C6532CB00471F56 /* BreedsFavoritesView.swift */ = {isa = PBXFileReference; lastKnownFileType = sourcecode.swift; path = BreedsFavoritesView.swift; sourceTree = "<group>"; };
		0F57A9062C6532DD00471F56 /* AboutView.swift */ = {isa = PBXFileReference; lastKnownFileType = sourcecode.swift; path = AboutView.swift; sourceTree = "<group>"; };
		0F86A05F2C9B213900F3D14D /* BreedModel.swift */ = {isa = PBXFileReference; lastKnownFileType = sourcecode.swift; path = BreedModel.swift; sourceTree = "<group>"; };
		0F86A0612C9B21BE00F3D14D /* BreedsListViewModel.swift */ = {isa = PBXFileReference; lastKnownFileType = sourcecode.swift; path = BreedsListViewModel.swift; sourceTree = "<group>"; };
		0F86A06C2C9C5B3F00F3D14D /* CatImage.swift */ = {isa = PBXFileReference; lastKnownFileType = sourcecode.swift; path = CatImage.swift; sourceTree = "<group>"; };
		0F86A06E2C9C5B9300F3D14D /* CatImageModel.swift */ = {isa = PBXFileReference; lastKnownFileType = sourcecode.swift; path = CatImageModel.swift; sourceTree = "<group>"; };
		0F86A0702C9C5BA800F3D14D /* LifespanModel.swift */ = {isa = PBXFileReference; lastKnownFileType = sourcecode.swift; path = LifespanModel.swift; sourceTree = "<group>"; };
		0F86A07E2C9DB0E200F3D14D /* BreedDetailViewModel.swift */ = {isa = PBXFileReference; lastKnownFileType = sourcecode.swift; path = BreedDetailViewModel.swift; sourceTree = "<group>"; };
		0F94FA572C613680009C8E27 /* iCats.app */ = {isa = PBXFileReference; explicitFileType = wrapper.application; includeInIndex = 0; path = iCats.app; sourceTree = BUILT_PRODUCTS_DIR; };
		0F94FA5C2C613680009C8E27 /* ContentView.swift */ = {isa = PBXFileReference; lastKnownFileType = sourcecode.swift; path = ContentView.swift; sourceTree = "<group>"; };
		0F94FA602C613683009C8E27 /* Assets.xcassets */ = {isa = PBXFileReference; lastKnownFileType = folder.assetcatalog; path = Assets.xcassets; sourceTree = "<group>"; };
		0F94FA632C613683009C8E27 /* Preview Assets.xcassets */ = {isa = PBXFileReference; lastKnownFileType = folder.assetcatalog; path = "Preview Assets.xcassets"; sourceTree = "<group>"; };
		0F94FA692C613683009C8E27 /* iCatsTests.xctest */ = {isa = PBXFileReference; explicitFileType = wrapper.cfbundle; includeInIndex = 0; path = iCatsTests.xctest; sourceTree = BUILT_PRODUCTS_DIR; };
		0F94FA862C61831F009C8E27 /* iCatsApp.swift */ = {isa = PBXFileReference; fileEncoding = 4; lastKnownFileType = sourcecode.swift; path = iCatsApp.swift; sourceTree = "<group>"; };
		0F94FA892C61838D009C8E27 /* CatCard.swift */ = {isa = PBXFileReference; lastKnownFileType = sourcecode.swift; path = CatCard.swift; sourceTree = "<group>"; };
		0FA48EFD2C932A350078CB0D /* BreedsListNetworkService.swift */ = {isa = PBXFileReference; lastKnownFileType = sourcecode.swift; path = BreedsListNetworkService.swift; sourceTree = "<group>"; };
		0FA48F002C932C650078CB0D /* Breed.swift */ = {isa = PBXFileReference; lastKnownFileType = sourcecode.swift; path = Breed.swift; sourceTree = "<group>"; };
		0FA48F042C9453380078CB0D /* BreedsNetworkServiceRequestMock.swift */ = {isa = PBXFileReference; lastKnownFileType = sourcecode.swift; path = BreedsNetworkServiceRequestMock.swift; sourceTree = "<group>"; };
		0FA48F062C9467B20078CB0D /* NetworkServiceResponse.swift */ = {isa = PBXFileReference; lastKnownFileType = sourcecode.swift; path = NetworkServiceResponse.swift; sourceTree = "<group>"; };
		0FA48F0A2C94933E0078CB0D /* BreedsNetworkServiceTests.swift */ = {isa = PBXFileReference; lastKnownFileType = sourcecode.swift; path = BreedsNetworkServiceTests.swift; sourceTree = "<group>"; };
		0FAA43BB2C91EC670051E904 /* JSONDecoder+Shared.swift */ = {isa = PBXFileReference; lastKnownFileType = sourcecode.swift; path = "JSONDecoder+Shared.swift"; sourceTree = "<group>"; };
		0FEAB7102C983C7900F694F7 /* iCats.xctestplan */ = {isa = PBXFileReference; lastKnownFileType = text; path = iCats.xctestplan; sourceTree = "<group>"; };
		0FEAB7112C98610400F694F7 /* TextButton.swift */ = {isa = PBXFileReference; lastKnownFileType = sourcecode.swift; path = TextButton.swift; sourceTree = "<group>"; };
		0FEAB7132C98659700F694F7 /* StarButton.swift */ = {isa = PBXFileReference; lastKnownFileType = sourcecode.swift; path = StarButton.swift; sourceTree = "<group>"; };
		0FF0C8232C653E64006DE8DF /* BreedDetailView.swift */ = {isa = PBXFileReference; lastKnownFileType = sourcecode.swift; path = BreedDetailView.swift; sourceTree = "<group>"; };
		0FF1185B2CBC02F700BFAB5C /* BreedsList+CoreData.swift */ = {isa = PBXFileReference; lastKnownFileType = sourcecode.swift; path = "BreedsList+CoreData.swift"; sourceTree = "<group>"; };
		0FF1185E2CBC183900BFAB5C /* DatabaseEntity.swift */ = {isa = PBXFileReference; lastKnownFileType = sourcecode.swift; path = DatabaseEntity.swift; sourceTree = "<group>"; };
		0FF118612CBC26E600BFAB5C /* AboutViewModel.swift */ = {isa = PBXFileReference; lastKnownFileType = sourcecode.swift; path = AboutViewModel.swift; sourceTree = "<group>"; };
		0FF4B9052CAD442D00B7B7F1 /* ViewState.swift */ = {isa = PBXFileReference; lastKnownFileType = sourcecode.swift; path = ViewState.swift; sourceTree = "<group>"; };
		0FF4B9082CB047A200B7B7F1 /* DatabaseService.swift */ = {isa = PBXFileReference; lastKnownFileType = sourcecode.swift; path = DatabaseService.swift; sourceTree = "<group>"; };
		0FFC4D5D2CA1D33800309B9A /* BreedsListViewModelTests.swift */ = {isa = PBXFileReference; lastKnownFileType = sourcecode.swift; path = BreedsListViewModelTests.swift; sourceTree = "<group>"; };
		D65AE1672CB41EEA00823D51 /* iCats.xcdatamodel */ = {isa = PBXFileReference; lastKnownFileType = wrapper.xcdatamodel; path = iCats.xcdatamodel; sourceTree = "<group>"; };
/* End PBXFileReference section */

/* Begin PBXFrameworksBuildPhase section */
		0F94FA542C613680009C8E27 /* Frameworks */ = {
			isa = PBXFrameworksBuildPhase;
			buildActionMask = 2147483647;
			files = (
				0F14CA632CA5C49300DA75A1 /* IdentifiedCollections in Frameworks */,
				0F14CA5B2CA4380500DA75A1 /* SwiftNavigation in Frameworks */,
				0F9D69752C6A3C4200849F38 /* SDWebImageSwiftUI in Frameworks */,
				0FB7CBD62C63C61700798B53 /* SwiftyJSON in Frameworks */,
				0F86A07A2C9D79BE00F3D14D /* SwiftUINavigation in Frameworks */,
			);
			runOnlyForDeploymentPostprocessing = 0;
		};
		0F94FA662C613683009C8E27 /* Frameworks */ = {
			isa = PBXFrameworksBuildPhase;
			buildActionMask = 2147483647;
			files = (
			);
			runOnlyForDeploymentPostprocessing = 0;
		};
/* End PBXFrameworksBuildPhase section */

/* Begin PBXGroup section */
		0F14CA5C2CA4394F00DA75A1 /* Shared */ = {
			isa = PBXGroup;
			children = (
				0FF4B9032CAD440700B7B7F1 /* ViewModel */,
				0F14CA5E2CA4675E00DA75A1 /* Copies */,
				0F86A06B2C9C552B00F3D14D /* Model */,
				0F94FA882C618373009C8E27 /* Components */,
			);
			path = Shared;
			sourceTree = "<group>";
		};
		0F14CA5D2CA43B0400DA75A1 /* Model */ = {
			isa = PBXGroup;
			children = (
				0FA48F002C932C650078CB0D /* Breed.swift */,
			);
			path = Model;
			sourceTree = "<group>";
		};
		0F14CA5E2CA4675E00DA75A1 /* Copies */ = {
			isa = PBXGroup;
			children = (
				0F14CA5F2CA4722700DA75A1 /* String+Copies.swift */,
			);
			path = Copies;
			sourceTree = "<group>";
		};
		0F3E01122C91AAEA0009804F /* NetworkService */ = {
			isa = PBXGroup;
			children = (
				0F3E01082C9062FB0009804F /* NetworkService.swift */,
				0FA48EFF2C932BCB0078CB0D /* Model */,
				0FA48F0F2C94AE020078CB0D /* Extension */,
			);
			path = NetworkService;
			sourceTree = "<group>";
		};
		0F86A06B2C9C552B00F3D14D /* Model */ = {
			isa = PBXGroup;
			children = (
				0F86A05F2C9B213900F3D14D /* BreedModel.swift */,
				0F86A06E2C9C5B9300F3D14D /* CatImageModel.swift */,
				0F86A0702C9C5BA800F3D14D /* LifespanModel.swift */,
			);
			path = Model;
			sourceTree = "<group>";
		};
		0F86A0752C9C5C4400F3D14D /* ViewModel */ = {
			isa = PBXGroup;
			children = (
				0F86A07E2C9DB0E200F3D14D /* BreedDetailViewModel.swift */,
			);
			path = ViewModel;
			sourceTree = "<group>";
		};
		0F86A07B2C9D7D3B00F3D14D /* Frameworks */ = {
			isa = PBXGroup;
			children = (
			);
			name = Frameworks;
			sourceTree = "<group>";
		};
		0F94FA4E2C613680009C8E27 = {
			isa = PBXGroup;
			children = (
				0FEAB7102C983C7900F694F7 /* iCats.xctestplan */,
				0F94FA592C613680009C8E27 /* iCats */,
				0F94FA6C2C613683009C8E27 /* iCatsTests */,
				0F94FA582C613680009C8E27 /* Products */,
				0F86A07B2C9D7D3B00F3D14D /* Frameworks */,
			);
			sourceTree = "<group>";
		};
		0F94FA582C613680009C8E27 /* Products */ = {
			isa = PBXGroup;
			children = (
				0F94FA572C613680009C8E27 /* iCats.app */,
				0F94FA692C613683009C8E27 /* iCatsTests.xctest */,
			);
			name = Products;
			sourceTree = "<group>";
		};
		0F94FA592C613680009C8E27 /* iCats */ = {
			isa = PBXGroup;
			children = (
				0F14CA5C2CA4394F00DA75A1 /* Shared */,
				0FEAB7092C98363000F694F7 /* About */,
				0FEAB7072C9835CA00F694F7 /* BreedDetail */,
				0FEAB7052C9835AE00F694F7 /* BreedsFavorites */,
				0FEAB7012C98356E00F694F7 /* BreedsList */,
				0FF4B9072CB044EA00B7B7F1 /* DatabaseService */,
				0F3E01122C91AAEA0009804F /* NetworkService */,
				0FB7CBCE2C626E4200798B53 /* Database */,
				0F94FA862C61831F009C8E27 /* iCatsApp.swift */,
				0F94FA5C2C613680009C8E27 /* ContentView.swift */,
				0F94FA602C613683009C8E27 /* Assets.xcassets */,
				0F94FA622C613683009C8E27 /* Preview Content */,
			);
			path = iCats;
			sourceTree = "<group>";
		};
		0F94FA622C613683009C8E27 /* Preview Content */ = {
			isa = PBXGroup;
			children = (
				0F94FA632C613683009C8E27 /* Preview Assets.xcassets */,
			);
			path = "Preview Content";
			sourceTree = "<group>";
		};
		0F94FA6C2C613683009C8E27 /* iCatsTests */ = {
			isa = PBXGroup;
			children = (
				0FFC4D5C2CA1D31E00309B9A /* BreedsListViewModel */,
				0FFC4D5B2CA1D30D00309B9A /* BreedsNetworkService */,
			);
			path = iCatsTests;
			sourceTree = "<group>";
		};
		0F94FA882C618373009C8E27 /* Components */ = {
			isa = PBXGroup;
			children = (
				0F94FA892C61838D009C8E27 /* CatCard.swift */,
				0FEAB7112C98610400F694F7 /* TextButton.swift */,
				0FEAB7132C98659700F694F7 /* StarButton.swift */,
			);
			path = Components;
			sourceTree = "<group>";
		};
		0FA48EFF2C932BCB0078CB0D /* Model */ = {
			isa = PBXGroup;
			children = (
				0F3E010A2C9063780009804F /* Endpoint.swift */,
				0F86A06C2C9C5B3F00F3D14D /* CatImage.swift */,
			);
			path = Model;
			sourceTree = "<group>";
		};
		0FA48F0F2C94AE020078CB0D /* Extension */ = {
			isa = PBXGroup;
			children = (
				0FAA43BB2C91EC670051E904 /* JSONDecoder+Shared.swift */,
			);
			path = Extension;
			sourceTree = "<group>";
		};
		0FB7CBCE2C626E4200798B53 /* Database */ = {
			isa = PBXGroup;
			children = (
				0FEAB70B2C98371300F694F7 /* Model */,
			);
			path = Database;
			sourceTree = "<group>";
		};
		0FEAB7012C98356E00F694F7 /* BreedsList */ = {
			isa = PBXGroup;
			children = (
				0FEAB7022C98359200F694F7 /* View */,
				0FEAB7042C9835A300F694F7 /* ViewModel */,
				0FEAB7032C98359900F694F7 /* Service */,
			);
			path = BreedsList;
			sourceTree = "<group>";
		};
		0FEAB7022C98359200F694F7 /* View */ = {
			isa = PBXGroup;
			children = (
				0F57A9022C65327500471F56 /* BreedsListView.swift */,
			);
			path = View;
			sourceTree = "<group>";
		};
		0FEAB7032C98359900F694F7 /* Service */ = {
			isa = PBXGroup;
			children = (
				0FA48EFD2C932A350078CB0D /* BreedsListNetworkService.swift */,
				0FF1185B2CBC02F700BFAB5C /* BreedsList+CoreData.swift */,
				0F14CA5D2CA43B0400DA75A1 /* Model */,
			);
			path = Service;
			sourceTree = "<group>";
		};
		0FEAB7042C9835A300F694F7 /* ViewModel */ = {
			isa = PBXGroup;
			children = (
				0F86A0612C9B21BE00F3D14D /* BreedsListViewModel.swift */,
			);
			path = ViewModel;
			sourceTree = "<group>";
		};
		0FEAB7052C9835AE00F694F7 /* BreedsFavorites */ = {
			isa = PBXGroup;
			children = (
				0FEAB7062C9835BF00F694F7 /* View */,
			);
			path = BreedsFavorites;
			sourceTree = "<group>";
		};
		0FEAB7062C9835BF00F694F7 /* View */ = {
			isa = PBXGroup;
			children = (
				0F57A9042C6532CB00471F56 /* BreedsFavoritesView.swift */,
			);
			path = View;
			sourceTree = "<group>";
		};
		0FEAB7072C9835CA00F694F7 /* BreedDetail */ = {
			isa = PBXGroup;
			children = (
				0FEAB7082C9835D600F694F7 /* View */,
				0F86A0752C9C5C4400F3D14D /* ViewModel */,
			);
			path = BreedDetail;
			sourceTree = "<group>";
		};
		0FEAB7082C9835D600F694F7 /* View */ = {
			isa = PBXGroup;
			children = (
				0FF0C8232C653E64006DE8DF /* BreedDetailView.swift */,
			);
			path = View;
			sourceTree = "<group>";
		};
		0FEAB7092C98363000F694F7 /* About */ = {
			isa = PBXGroup;
			children = (
				0FF118602CBC26BD00BFAB5C /* ViewModel */,
				0FEAB70A2C98363A00F694F7 /* View */,
			);
			path = About;
			sourceTree = "<group>";
		};
		0FEAB70A2C98363A00F694F7 /* View */ = {
			isa = PBXGroup;
			children = (
				0F57A9062C6532DD00471F56 /* AboutView.swift */,
			);
			path = View;
			sourceTree = "<group>";
		};
		0FEAB70B2C98371300F694F7 /* Model */ = {
			isa = PBXGroup;
			children = (
				D65AE1662CB41EEA00823D51 /* iCats.xcdatamodeld */,
			);
			path = Model;
			sourceTree = "<group>";
		};
		0FF1185D2CBC168600BFAB5C /* Model */ = {
			isa = PBXGroup;
			children = (
				0FF1185E2CBC183900BFAB5C /* DatabaseEntity.swift */,
			);
			path = Model;
			sourceTree = "<group>";
		};
		0FF118602CBC26BD00BFAB5C /* ViewModel */ = {
			isa = PBXGroup;
			children = (
				0FF118612CBC26E600BFAB5C /* AboutViewModel.swift */,
			);
			path = ViewModel;
			sourceTree = "<group>";
		};
		0FF4B9032CAD440700B7B7F1 /* ViewModel */ = {
			isa = PBXGroup;
			children = (
				0FF4B9052CAD442D00B7B7F1 /* ViewState.swift */,
			);
			path = ViewModel;
			sourceTree = "<group>";
		};
		0FF4B9072CB044EA00B7B7F1 /* DatabaseService */ = {
			isa = PBXGroup;
			children = (
				0FF1185D2CBC168600BFAB5C /* Model */,
				0FF4B9082CB047A200B7B7F1 /* DatabaseService.swift */,
			);
			path = DatabaseService;
			sourceTree = "<group>";
		};
		0FFC4D5B2CA1D30D00309B9A /* BreedsNetworkService */ = {
			isa = PBXGroup;
			children = (
				0FA48F0A2C94933E0078CB0D /* BreedsNetworkServiceTests.swift */,
				0FA48F042C9453380078CB0D /* BreedsNetworkServiceRequestMock.swift */,
				0FA48F062C9467B20078CB0D /* NetworkServiceResponse.swift */,
			);
			path = BreedsNetworkService;
			sourceTree = "<group>";
		};
		0FFC4D5C2CA1D31E00309B9A /* BreedsListViewModel */ = {
			isa = PBXGroup;
			children = (
				0FFC4D5D2CA1D33800309B9A /* BreedsListViewModelTests.swift */,
			);
			path = BreedsListViewModel;
			sourceTree = "<group>";
		};
/* End PBXGroup section */

/* Begin PBXNativeTarget section */
		0F94FA562C613680009C8E27 /* iCats */ = {
			isa = PBXNativeTarget;
			buildConfigurationList = 0F94FA7D2C613684009C8E27 /* Build configuration list for PBXNativeTarget "iCats" */;
			buildPhases = (
				0F94FA532C613680009C8E27 /* Sources */,
				0F94FA542C613680009C8E27 /* Frameworks */,
				0F94FA552C613680009C8E27 /* Resources */,
				0FF144F02CA1C77000D72B73 /* SwiftLint  */,
			);
			buildRules = (
			);
			dependencies = (
			);
			name = iCats;
			packageProductDependencies = (
				0FB7CBD52C63C61700798B53 /* SwiftyJSON */,
				0F9D69742C6A3C4200849F38 /* SDWebImageSwiftUI */,
				0F86A0792C9D79BE00F3D14D /* SwiftUINavigation */,
				0F14CA5A2CA4380500DA75A1 /* SwiftNavigation */,
				0F14CA622CA5C49300DA75A1 /* IdentifiedCollections */,
			);
			productName = iCats;
			productReference = 0F94FA572C613680009C8E27 /* iCats.app */;
			productType = "com.apple.product-type.application";
		};
		0F94FA682C613683009C8E27 /* iCatsTests */ = {
			isa = PBXNativeTarget;
			buildConfigurationList = 0F94FA802C613684009C8E27 /* Build configuration list for PBXNativeTarget "iCatsTests" */;
			buildPhases = (
				0F94FA652C613683009C8E27 /* Sources */,
				0F94FA662C613683009C8E27 /* Frameworks */,
				0F94FA672C613683009C8E27 /* Resources */,
			);
			buildRules = (
			);
			dependencies = (
				0F94FA6B2C613683009C8E27 /* PBXTargetDependency */,
			);
			name = iCatsTests;
			productName = iCatsTests;
			productReference = 0F94FA692C613683009C8E27 /* iCatsTests.xctest */;
			productType = "com.apple.product-type.bundle.unit-test";
		};
/* End PBXNativeTarget section */

/* Begin PBXProject section */
		0F94FA4F2C613680009C8E27 /* Project object */ = {
			isa = PBXProject;
			attributes = {
				BuildIndependentTargetsInParallel = 1;
				LastSwiftUpdateCheck = 1540;
				LastUpgradeCheck = 1540;
				TargetAttributes = {
					0F94FA562C613680009C8E27 = {
						CreatedOnToolsVersion = 15.4;
					};
					0F94FA682C613683009C8E27 = {
						CreatedOnToolsVersion = 15.4;
						TestTargetID = 0F94FA562C613680009C8E27;
					};
				};
			};
			buildConfigurationList = 0F94FA522C613680009C8E27 /* Build configuration list for PBXProject "iCats" */;
			compatibilityVersion = "Xcode 14.0";
			developmentRegion = en;
			hasScannedForEncodings = 0;
			knownRegions = (
				en,
				Base,
			);
			mainGroup = 0F94FA4E2C613680009C8E27;
			packageReferences = (
				0FB7CBD42C63C61700798B53 /* XCRemoteSwiftPackageReference "SwiftyJSON" */,
				0F9D69732C6A3C4200849F38 /* XCRemoteSwiftPackageReference "SDWebImageSwiftUI" */,
				0F86A0782C9D79BE00F3D14D /* XCRemoteSwiftPackageReference "swift-navigation" */,
				0F14CA612CA5C49200DA75A1 /* XCRemoteSwiftPackageReference "swift-identified-collections" */,
			);
			productRefGroup = 0F94FA582C613680009C8E27 /* Products */;
			projectDirPath = "";
			projectRoot = "";
			targets = (
				0F94FA562C613680009C8E27 /* iCats */,
				0F94FA682C613683009C8E27 /* iCatsTests */,
			);
		};
/* End PBXProject section */

/* Begin PBXResourcesBuildPhase section */
		0F94FA552C613680009C8E27 /* Resources */ = {
			isa = PBXResourcesBuildPhase;
			buildActionMask = 2147483647;
			files = (
				0F94FA642C613683009C8E27 /* Preview Assets.xcassets in Resources */,
				0F94FA612C613683009C8E27 /* Assets.xcassets in Resources */,
			);
			runOnlyForDeploymentPostprocessing = 0;
		};
		0F94FA672C613683009C8E27 /* Resources */ = {
			isa = PBXResourcesBuildPhase;
			buildActionMask = 2147483647;
			files = (
			);
			runOnlyForDeploymentPostprocessing = 0;
		};
/* End PBXResourcesBuildPhase section */

/* Begin PBXShellScriptBuildPhase section */
		0FF144F02CA1C77000D72B73 /* SwiftLint  */ = {
			isa = PBXShellScriptBuildPhase;
			alwaysOutOfDate = 1;
			buildActionMask = 12;
			files = (
			);
			inputFileListPaths = (
			);
			inputPaths = (
			);
			name = "SwiftLint ";
			outputFileListPaths = (
			);
			outputPaths = (
			);
			runOnlyForDeploymentPostprocessing = 0;
			shellPath = /bin/sh;
			shellScript = "# Adds support for Apple Silicon brew directory\nexport PATH=\"$PATH:/opt/homebrew/bin\"\n\nif which swiftlint; then\n    swiftlint —-fix && swiftlint\nelse\n  echo \"warning: SwiftLint not installed, download from https://github.com/realm/SwiftLint\"\nfi\n";
		};
/* End PBXShellScriptBuildPhase section */

/* Begin PBXSourcesBuildPhase section */
		0F94FA532C613680009C8E27 /* Sources */ = {
			isa = PBXSourcesBuildPhase;
			buildActionMask = 2147483647;
			files = (
				0F3E01092C9062FB0009804F /* NetworkService.swift in Sources */,
				0F57A9072C6532DD00471F56 /* AboutView.swift in Sources */,
				0FF0C8242C653E64006DE8DF /* BreedDetailView.swift in Sources */,
				0FAA43BC2C91EC670051E904 /* JSONDecoder+Shared.swift in Sources */,
				0F57A9032C65327500471F56 /* BreedsListView.swift in Sources */,
				0FF4B9092CB047A200B7B7F1 /* DatabaseService.swift in Sources */,
				D65AE1682CB41EEA00823D51 /* iCats.xcdatamodeld in Sources */,
				0FEAB7142C98659700F694F7 /* StarButton.swift in Sources */,
				0F94FA8A2C61838D009C8E27 /* CatCard.swift in Sources */,
				0F94FA872C61831F009C8E27 /* iCatsApp.swift in Sources */,
				0F86A06F2C9C5B9300F3D14D /* CatImageModel.swift in Sources */,
				0FF1185C2CBC02F700BFAB5C /* BreedsList+CoreData.swift in Sources */,
				0FA48EFE2C932A350078CB0D /* BreedsListNetworkService.swift in Sources */,
				0FF1185F2CBC183900BFAB5C /* DatabaseEntity.swift in Sources */,
				0F57A9052C6532CB00471F56 /* BreedsFavoritesView.swift in Sources */,
				0F86A0622C9B21BE00F3D14D /* BreedsListViewModel.swift in Sources */,
				0FF4B9062CAD442D00B7B7F1 /* ViewState.swift in Sources */,
				0F86A07F2C9DB0E200F3D14D /* BreedDetailViewModel.swift in Sources */,
				0F86A06D2C9C5B3F00F3D14D /* CatImage.swift in Sources */,
				0F86A0602C9B213900F3D14D /* BreedModel.swift in Sources */,
				0F86A0712C9C5BA800F3D14D /* LifespanModel.swift in Sources */,
				0FA48F012C932C650078CB0D /* Breed.swift in Sources */,
				0F94FA5D2C613680009C8E27 /* ContentView.swift in Sources */,
				0F3E010B2C9063780009804F /* Endpoint.swift in Sources */,
				0FEAB7122C98610400F694F7 /* TextButton.swift in Sources */,
				0F14CA602CA4722700DA75A1 /* String+Copies.swift in Sources */,
				0FF118622CBC26E600BFAB5C /* AboutViewModel.swift in Sources */,
			);
			runOnlyForDeploymentPostprocessing = 0;
		};
		0F94FA652C613683009C8E27 /* Sources */ = {
			isa = PBXSourcesBuildPhase;
			buildActionMask = 2147483647;
			files = (
				0FA48F0B2C94933E0078CB0D /* BreedsNetworkServiceTests.swift in Sources */,
				0FFC4D5E2CA1D33800309B9A /* BreedsListViewModelTests.swift in Sources */,
				0FEAB70D2C98382600F694F7 /* BreedsNetworkServiceRequestMock.swift in Sources */,
				0FEAB70F2C983B5100F694F7 /* NetworkServiceResponse.swift in Sources */,
			);
			runOnlyForDeploymentPostprocessing = 0;
		};
/* End PBXSourcesBuildPhase section */

/* Begin PBXTargetDependency section */
		0F94FA6B2C613683009C8E27 /* PBXTargetDependency */ = {
			isa = PBXTargetDependency;
			target = 0F94FA562C613680009C8E27 /* iCats */;
			targetProxy = 0F94FA6A2C613683009C8E27 /* PBXContainerItemProxy */;
		};
/* End PBXTargetDependency section */

/* Begin XCBuildConfiguration section */
		0F94FA7B2C613684009C8E27 /* Debug */ = {
			isa = XCBuildConfiguration;
			buildSettings = {
				ALWAYS_SEARCH_USER_PATHS = NO;
				ASSETCATALOG_COMPILER_GENERATE_SWIFT_ASSET_SYMBOL_EXTENSIONS = YES;
				CLANG_ANALYZER_NONNULL = YES;
				CLANG_ANALYZER_NUMBER_OBJECT_CONVERSION = YES_AGGRESSIVE;
				CLANG_CXX_LANGUAGE_STANDARD = "gnu++20";
				CLANG_ENABLE_MODULES = YES;
				CLANG_ENABLE_OBJC_ARC = YES;
				CLANG_ENABLE_OBJC_WEAK = YES;
				CLANG_WARN_BLOCK_CAPTURE_AUTORELEASING = YES;
				CLANG_WARN_BOOL_CONVERSION = YES;
				CLANG_WARN_COMMA = YES;
				CLANG_WARN_CONSTANT_CONVERSION = YES;
				CLANG_WARN_DEPRECATED_OBJC_IMPLEMENTATIONS = YES;
				CLANG_WARN_DIRECT_OBJC_ISA_USAGE = YES_ERROR;
				CLANG_WARN_DOCUMENTATION_COMMENTS = YES;
				CLANG_WARN_EMPTY_BODY = YES;
				CLANG_WARN_ENUM_CONVERSION = YES;
				CLANG_WARN_INFINITE_RECURSION = YES;
				CLANG_WARN_INT_CONVERSION = YES;
				CLANG_WARN_NON_LITERAL_NULL_CONVERSION = YES;
				CLANG_WARN_OBJC_IMPLICIT_RETAIN_SELF = YES;
				CLANG_WARN_OBJC_LITERAL_CONVERSION = YES;
				CLANG_WARN_OBJC_ROOT_CLASS = YES_ERROR;
				CLANG_WARN_QUOTED_INCLUDE_IN_FRAMEWORK_HEADER = YES;
				CLANG_WARN_RANGE_LOOP_ANALYSIS = YES;
				CLANG_WARN_STRICT_PROTOTYPES = YES;
				CLANG_WARN_SUSPICIOUS_MOVE = YES;
				CLANG_WARN_UNGUARDED_AVAILABILITY = YES_AGGRESSIVE;
				CLANG_WARN_UNREACHABLE_CODE = YES;
				CLANG_WARN__DUPLICATE_METHOD_MATCH = YES;
				COPY_PHASE_STRIP = NO;
				DEBUG_INFORMATION_FORMAT = dwarf;
				ENABLE_STRICT_OBJC_MSGSEND = YES;
				ENABLE_TESTABILITY = YES;
				ENABLE_USER_SCRIPT_SANDBOXING = NO;
				GCC_C_LANGUAGE_STANDARD = gnu17;
				GCC_DYNAMIC_NO_PIC = NO;
				GCC_NO_COMMON_BLOCKS = YES;
				GCC_OPTIMIZATION_LEVEL = 0;
				GCC_PREPROCESSOR_DEFINITIONS = (
					"DEBUG=1",
					"$(inherited)",
				);
				GCC_WARN_64_TO_32_BIT_CONVERSION = YES;
				GCC_WARN_ABOUT_RETURN_TYPE = YES_ERROR;
				GCC_WARN_UNDECLARED_SELECTOR = YES;
				GCC_WARN_UNINITIALIZED_AUTOS = YES_AGGRESSIVE;
				GCC_WARN_UNUSED_FUNCTION = YES;
				GCC_WARN_UNUSED_VARIABLE = YES;
				IPHONEOS_DEPLOYMENT_TARGET = 17.5;
				LOCALIZATION_PREFERS_STRING_CATALOGS = YES;
				MTL_ENABLE_DEBUG_INFO = INCLUDE_SOURCE;
				MTL_FAST_MATH = YES;
				ONLY_ACTIVE_ARCH = YES;
				SDKROOT = iphoneos;
				SWIFT_ACTIVE_COMPILATION_CONDITIONS = "DEBUG $(inherited)";
				SWIFT_OPTIMIZATION_LEVEL = "-Onone";
			};
			name = Debug;
		};
		0F94FA7C2C613684009C8E27 /* Release */ = {
			isa = XCBuildConfiguration;
			buildSettings = {
				ALWAYS_SEARCH_USER_PATHS = NO;
				ASSETCATALOG_COMPILER_GENERATE_SWIFT_ASSET_SYMBOL_EXTENSIONS = YES;
				CLANG_ANALYZER_NONNULL = YES;
				CLANG_ANALYZER_NUMBER_OBJECT_CONVERSION = YES_AGGRESSIVE;
				CLANG_CXX_LANGUAGE_STANDARD = "gnu++20";
				CLANG_ENABLE_MODULES = YES;
				CLANG_ENABLE_OBJC_ARC = YES;
				CLANG_ENABLE_OBJC_WEAK = YES;
				CLANG_WARN_BLOCK_CAPTURE_AUTORELEASING = YES;
				CLANG_WARN_BOOL_CONVERSION = YES;
				CLANG_WARN_COMMA = YES;
				CLANG_WARN_CONSTANT_CONVERSION = YES;
				CLANG_WARN_DEPRECATED_OBJC_IMPLEMENTATIONS = YES;
				CLANG_WARN_DIRECT_OBJC_ISA_USAGE = YES_ERROR;
				CLANG_WARN_DOCUMENTATION_COMMENTS = YES;
				CLANG_WARN_EMPTY_BODY = YES;
				CLANG_WARN_ENUM_CONVERSION = YES;
				CLANG_WARN_INFINITE_RECURSION = YES;
				CLANG_WARN_INT_CONVERSION = YES;
				CLANG_WARN_NON_LITERAL_NULL_CONVERSION = YES;
				CLANG_WARN_OBJC_IMPLICIT_RETAIN_SELF = YES;
				CLANG_WARN_OBJC_LITERAL_CONVERSION = YES;
				CLANG_WARN_OBJC_ROOT_CLASS = YES_ERROR;
				CLANG_WARN_QUOTED_INCLUDE_IN_FRAMEWORK_HEADER = YES;
				CLANG_WARN_RANGE_LOOP_ANALYSIS = YES;
				CLANG_WARN_STRICT_PROTOTYPES = YES;
				CLANG_WARN_SUSPICIOUS_MOVE = YES;
				CLANG_WARN_UNGUARDED_AVAILABILITY = YES_AGGRESSIVE;
				CLANG_WARN_UNREACHABLE_CODE = YES;
				CLANG_WARN__DUPLICATE_METHOD_MATCH = YES;
				COPY_PHASE_STRIP = NO;
				DEBUG_INFORMATION_FORMAT = "dwarf-with-dsym";
				ENABLE_NS_ASSERTIONS = NO;
				ENABLE_STRICT_OBJC_MSGSEND = YES;
				ENABLE_USER_SCRIPT_SANDBOXING = NO;
				GCC_C_LANGUAGE_STANDARD = gnu17;
				GCC_NO_COMMON_BLOCKS = YES;
				GCC_WARN_64_TO_32_BIT_CONVERSION = YES;
				GCC_WARN_ABOUT_RETURN_TYPE = YES_ERROR;
				GCC_WARN_UNDECLARED_SELECTOR = YES;
				GCC_WARN_UNINITIALIZED_AUTOS = YES_AGGRESSIVE;
				GCC_WARN_UNUSED_FUNCTION = YES;
				GCC_WARN_UNUSED_VARIABLE = YES;
				IPHONEOS_DEPLOYMENT_TARGET = 17.5;
				LOCALIZATION_PREFERS_STRING_CATALOGS = YES;
				MTL_ENABLE_DEBUG_INFO = NO;
				MTL_FAST_MATH = YES;
				SDKROOT = iphoneos;
				SWIFT_COMPILATION_MODE = wholemodule;
				VALIDATE_PRODUCT = YES;
			};
			name = Release;
		};
		0F94FA7E2C613684009C8E27 /* Debug */ = {
			isa = XCBuildConfiguration;
			buildSettings = {
				ASSETCATALOG_COMPILER_APPICON_NAME = AppIcon;
				ASSETCATALOG_COMPILER_GLOBAL_ACCENT_COLOR_NAME = AccentColor;
				CODE_SIGN_STYLE = Automatic;
				CURRENT_PROJECT_VERSION = 1;
				DEVELOPMENT_ASSET_PATHS = "\"iCats/Preview Content\"";
				DEVELOPMENT_TEAM = 698N4JU9B9;
				ENABLE_PREVIEWS = YES;
				GENERATE_INFOPLIST_FILE = YES;
				INFOPLIST_KEY_UIApplicationSceneManifest_Generation = YES;
				INFOPLIST_KEY_UIApplicationSupportsIndirectInputEvents = YES;
				INFOPLIST_KEY_UILaunchScreen_Generation = YES;
				INFOPLIST_KEY_UISupportedInterfaceOrientations_iPad = "UIInterfaceOrientationPortrait UIInterfaceOrientationPortraitUpsideDown UIInterfaceOrientationLandscapeLeft UIInterfaceOrientationLandscapeRight";
				INFOPLIST_KEY_UISupportedInterfaceOrientations_iPhone = "UIInterfaceOrientationPortrait UIInterfaceOrientationLandscapeLeft UIInterfaceOrientationLandscapeRight";
				IPHONEOS_DEPLOYMENT_TARGET = 17.4;
				LD_RUNPATH_SEARCH_PATHS = (
					"$(inherited)",
					"@executable_path/Frameworks",
				);
				MARKETING_VERSION = 1.0;
				PRODUCT_BUNDLE_IDENTIFIER = com.matiasortizluna.iCats;
				PRODUCT_NAME = "$(TARGET_NAME)";
				SWIFT_EMIT_LOC_STRINGS = YES;
				SWIFT_VERSION = 5.0;
				TARGETED_DEVICE_FAMILY = "1,2";
			};
			name = Debug;
		};
		0F94FA7F2C613684009C8E27 /* Release */ = {
			isa = XCBuildConfiguration;
			buildSettings = {
				ASSETCATALOG_COMPILER_APPICON_NAME = AppIcon;
				ASSETCATALOG_COMPILER_GLOBAL_ACCENT_COLOR_NAME = AccentColor;
				CODE_SIGN_STYLE = Automatic;
				CURRENT_PROJECT_VERSION = 1;
				DEVELOPMENT_ASSET_PATHS = "\"iCats/Preview Content\"";
				DEVELOPMENT_TEAM = 698N4JU9B9;
				ENABLE_PREVIEWS = YES;
				GENERATE_INFOPLIST_FILE = YES;
				INFOPLIST_KEY_UIApplicationSceneManifest_Generation = YES;
				INFOPLIST_KEY_UIApplicationSupportsIndirectInputEvents = YES;
				INFOPLIST_KEY_UILaunchScreen_Generation = YES;
				INFOPLIST_KEY_UISupportedInterfaceOrientations_iPad = "UIInterfaceOrientationPortrait UIInterfaceOrientationPortraitUpsideDown UIInterfaceOrientationLandscapeLeft UIInterfaceOrientationLandscapeRight";
				INFOPLIST_KEY_UISupportedInterfaceOrientations_iPhone = "UIInterfaceOrientationPortrait UIInterfaceOrientationLandscapeLeft UIInterfaceOrientationLandscapeRight";
				IPHONEOS_DEPLOYMENT_TARGET = 17.4;
				LD_RUNPATH_SEARCH_PATHS = (
					"$(inherited)",
					"@executable_path/Frameworks",
				);
				MARKETING_VERSION = 1.0;
				PRODUCT_BUNDLE_IDENTIFIER = com.matiasortizluna.iCats;
				PRODUCT_NAME = "$(TARGET_NAME)";
				SWIFT_EMIT_LOC_STRINGS = YES;
				SWIFT_VERSION = 5.0;
				TARGETED_DEVICE_FAMILY = "1,2";
			};
			name = Release;
		};
		0F94FA812C613684009C8E27 /* Debug */ = {
			isa = XCBuildConfiguration;
			buildSettings = {
				ALWAYS_EMBED_SWIFT_STANDARD_LIBRARIES = YES;
				BUNDLE_LOADER = "$(TEST_HOST)";
				CODE_SIGN_STYLE = Automatic;
				CURRENT_PROJECT_VERSION = 1;
				DEVELOPMENT_TEAM = 4P65TXXV85;
				GENERATE_INFOPLIST_FILE = YES;
				IPHONEOS_DEPLOYMENT_TARGET = 17.4;
				MARKETING_VERSION = 1.0;
				PRODUCT_BUNDLE_IDENTIFIER = com.matiasortizluna.iCatsTests;
				PRODUCT_NAME = "$(TARGET_NAME)";
				SWIFT_EMIT_LOC_STRINGS = NO;
				SWIFT_VERSION = 5.0;
				TARGETED_DEVICE_FAMILY = "1,2";
				TEST_HOST = "$(BUILT_PRODUCTS_DIR)/iCats.app/$(BUNDLE_EXECUTABLE_FOLDER_PATH)/iCats";
			};
			name = Debug;
		};
		0F94FA822C613684009C8E27 /* Release */ = {
			isa = XCBuildConfiguration;
			buildSettings = {
				ALWAYS_EMBED_SWIFT_STANDARD_LIBRARIES = YES;
				BUNDLE_LOADER = "$(TEST_HOST)";
				CODE_SIGN_STYLE = Automatic;
				CURRENT_PROJECT_VERSION = 1;
				DEVELOPMENT_TEAM = 4P65TXXV85;
				GENERATE_INFOPLIST_FILE = YES;
				IPHONEOS_DEPLOYMENT_TARGET = 17.4;
				MARKETING_VERSION = 1.0;
				PRODUCT_BUNDLE_IDENTIFIER = com.matiasortizluna.iCatsTests;
				PRODUCT_NAME = "$(TARGET_NAME)";
				SWIFT_EMIT_LOC_STRINGS = NO;
				SWIFT_VERSION = 5.0;
				TARGETED_DEVICE_FAMILY = "1,2";
				TEST_HOST = "$(BUILT_PRODUCTS_DIR)/iCats.app/$(BUNDLE_EXECUTABLE_FOLDER_PATH)/iCats";
			};
			name = Release;
		};
/* End XCBuildConfiguration section */

/* Begin XCConfigurationList section */
		0F94FA522C613680009C8E27 /* Build configuration list for PBXProject "iCats" */ = {
			isa = XCConfigurationList;
			buildConfigurations = (
				0F94FA7B2C613684009C8E27 /* Debug */,
				0F94FA7C2C613684009C8E27 /* Release */,
			);
			defaultConfigurationIsVisible = 0;
			defaultConfigurationName = Release;
		};
		0F94FA7D2C613684009C8E27 /* Build configuration list for PBXNativeTarget "iCats" */ = {
			isa = XCConfigurationList;
			buildConfigurations = (
				0F94FA7E2C613684009C8E27 /* Debug */,
				0F94FA7F2C613684009C8E27 /* Release */,
			);
			defaultConfigurationIsVisible = 0;
			defaultConfigurationName = Release;
		};
		0F94FA802C613684009C8E27 /* Build configuration list for PBXNativeTarget "iCatsTests" */ = {
			isa = XCConfigurationList;
			buildConfigurations = (
				0F94FA812C613684009C8E27 /* Debug */,
				0F94FA822C613684009C8E27 /* Release */,
			);
			defaultConfigurationIsVisible = 0;
			defaultConfigurationName = Release;
		};
/* End XCConfigurationList section */

/* Begin XCRemoteSwiftPackageReference section */
		0F14CA612CA5C49200DA75A1 /* XCRemoteSwiftPackageReference "swift-identified-collections" */ = {
			isa = XCRemoteSwiftPackageReference;
			repositoryURL = "https://github.com/pointfreeco/swift-identified-collections";
			requirement = {
				kind = upToNextMajorVersion;
				minimumVersion = 1.1.0;
			};
		};
		0F86A0782C9D79BE00F3D14D /* XCRemoteSwiftPackageReference "swift-navigation" */ = {
			isa = XCRemoteSwiftPackageReference;
			repositoryURL = "https://github.com/pointfreeco/swift-navigation";
			requirement = {
				kind = upToNextMajorVersion;
				minimumVersion = 2.2.1;
			};
		};
		0F9D69732C6A3C4200849F38 /* XCRemoteSwiftPackageReference "SDWebImageSwiftUI" */ = {
			isa = XCRemoteSwiftPackageReference;
			repositoryURL = "https://github.com/SDWebImage/SDWebImageSwiftUI.git";
			requirement = {
				kind = upToNextMajorVersion;
				minimumVersion = 3.1.1;
			};
		};
		0FB7CBD42C63C61700798B53 /* XCRemoteSwiftPackageReference "SwiftyJSON" */ = {
			isa = XCRemoteSwiftPackageReference;
			repositoryURL = "https://github.com/SwiftyJSON/SwiftyJSON.git";
			requirement = {
				kind = upToNextMajorVersion;
				minimumVersion = 5.0.2;
			};
		};
/* End XCRemoteSwiftPackageReference section */

/* Begin XCSwiftPackageProductDependency section */
		0F14CA5A2CA4380500DA75A1 /* SwiftNavigation */ = {
			isa = XCSwiftPackageProductDependency;
			package = 0F86A0782C9D79BE00F3D14D /* XCRemoteSwiftPackageReference "swift-navigation" */;
			productName = SwiftNavigation;
		};
		0F14CA622CA5C49300DA75A1 /* IdentifiedCollections */ = {
			isa = XCSwiftPackageProductDependency;
			package = 0F14CA612CA5C49200DA75A1 /* XCRemoteSwiftPackageReference "swift-identified-collections" */;
			productName = IdentifiedCollections;
		};
		0F86A0792C9D79BE00F3D14D /* SwiftUINavigation */ = {
			isa = XCSwiftPackageProductDependency;
			package = 0F86A0782C9D79BE00F3D14D /* XCRemoteSwiftPackageReference "swift-navigation" */;
			productName = SwiftUINavigation;
		};
		0F9D69742C6A3C4200849F38 /* SDWebImageSwiftUI */ = {
			isa = XCSwiftPackageProductDependency;
			package = 0F9D69732C6A3C4200849F38 /* XCRemoteSwiftPackageReference "SDWebImageSwiftUI" */;
			productName = SDWebImageSwiftUI;
		};
		0FB7CBD52C63C61700798B53 /* SwiftyJSON */ = {
			isa = XCSwiftPackageProductDependency;
			package = 0FB7CBD42C63C61700798B53 /* XCRemoteSwiftPackageReference "SwiftyJSON" */;
			productName = SwiftyJSON;
		};
/* End XCSwiftPackageProductDependency section */

/* Begin XCVersionGroup section */
		D65AE1662CB41EEA00823D51 /* iCats.xcdatamodeld */ = {
			isa = XCVersionGroup;
			children = (
				D65AE1672CB41EEA00823D51 /* iCats.xcdatamodel */,
			);
			currentVersion = D65AE1672CB41EEA00823D51 /* iCats.xcdatamodel */;
			path = iCats.xcdatamodeld;
			sourceTree = "<group>";
			versionGroupType = wrapper.xcdatamodel;
		};
/* End XCVersionGroup section */
	};
	rootObject = 0F94FA4F2C613680009C8E27 /* Project object */;
}
